// !$*UTF8*$!
{
	archiveVersion = 1;
	classes = {
	};
	objectVersion = 77;
	objects = {

/* Begin PBXBuildFile section */
		0FEDD46416E530532CC0A486 /* K9Models.swift in Sources */ = {isa = PBXBuildFile; fileRef = B5158C04F3DB4CC2392AAACD /* K9Models.swift */; };
		1C5F90D27ABFCDAFC61C22A4 /* SharedUI.swift in Sources */ = {isa = PBXBuildFile; fileRef = D4DE7B52DFD937FA105D0D80 /* SharedUI.swift */; };
		217392F2919A54C3189E24A1 /* CheckListModels.swift in Sources */ = {isa = PBXBuildFile; fileRef = CDEA751ED1AF184F4D884ED5 /* CheckListModels.swift */; };
		2B666B4E6B33EB2413EFD8C1 /* URLGateTests.swift in Sources */ = {isa = PBXBuildFile; fileRef = E12098656A3D01DB4B4D5843 /* URLGateTests.swift */; };
		2D7C50E9D88B18651A9771EF /* AppConfig.swift in Sources */ = {isa = PBXBuildFile; fileRef = 58E32D24CA427022EEC9C9A9 /* AppConfig.swift */; };
		435E5084B57C5886250DA5E7 /* NKDisclosure.swift in Sources */ = {isa = PBXBuildFile; fileRef = 99024115FE5BD928E53F8DFB /* NKDisclosure.swift */; };
		44C3259515A35ED6E68189AA /* StockDetailView.swift in Sources */ = {isa = PBXBuildFile; fileRef = D28A14CD5A8666AC00C57702 /* StockDetailView.swift */; };
		499CB305261279D9053C4B94 /* NKToolbar.swift in Sources */ = {isa = PBXBuildFile; fileRef = 6D2ECF5D1ADA2570A80AAF57 /* NKToolbar.swift */; };
		50990E54BF37435A400AC290 /* ScoreboardView.swift in Sources */ = {isa = PBXBuildFile; fileRef = 6CE1EC3951D028473BC1268D /* ScoreboardView.swift */; };
		6201E32C0723A5F0AA2D3BFE /* NKDevCapture.swift in Sources */ = {isa = PBXBuildFile; fileRef = CD6B509415333AD469D9833E /* NKDevCapture.swift */; };
		707C60E3C786D27F3983B924 /* IntegrationSmokeTests.swift in Sources */ = {isa = PBXBuildFile; fileRef = F09D5AFF89E79AD30E6F0B1F /* IntegrationSmokeTests.swift */; };
		73C14261E278D3CA8D6AFB8E /* AppConfigDefaultTests.swift in Sources */ = {isa = PBXBuildFile; fileRef = 7ECA7F173C89B027705A4FC0 /* AppConfigDefaultTests.swift */; };
		7FC2D9D596F2FCACD7B2FA05 /* SettingsView.swift in Sources */ = {isa = PBXBuildFile; fileRef = 9D4D8B9C826C8F3E8D74BF23 /* SettingsView.swift */; };
		83EB77417C2A9B3AE3266127 /* NKFormKit.swift in Sources */ = {isa = PBXBuildFile; fileRef = D992070DC2C2CD6DDF3BD3F9 /* NKFormKit.swift */; };
		8F638A2C17E4238B3329ED3E /* SelectionView.swift in Sources */ = {isa = PBXBuildFile; fileRef = 90635C7E94F95981AF67722E /* SelectionView.swift */; };
		A0CF80191539A5AA0C8442B5 /* CheckListView.swift in Sources */ = {isa = PBXBuildFile; fileRef = 58F9AF53A186D89036A34E31 /* CheckListView.swift */; };
		A1A4C298677F524146F0AF02 /* StaticTradingCalendar.swift in Sources */ = {isa = PBXBuildFile; fileRef = E0AE1E9D0EC8D59A1EF69F45 /* StaticTradingCalendar.swift */; };
		A95E60B60DE6A07CDB6DD7DA /* DesignTokens.swift in Sources */ = {isa = PBXBuildFile; fileRef = 53B123024CC94ED7E02FF66F /* DesignTokens.swift */; };
		AB52CA616EFD21F6EA0C4967 /* Assets.xcassets in Resources */ = {isa = PBXBuildFile; fileRef = A75B75043B9190B8F306FF1D /* Assets.xcassets */; };
		C5A9C754B9F5973F92FFA827 /* ScoreboardModels.swift in Sources */ = {isa = PBXBuildFile; fileRef = 76E98FE4A6FA5CAC76421950 /* ScoreboardModels.swift */; };
		CBBD1F2E43E0044CDD17CDE0 /* ReviewModels.swift in Sources */ = {isa = PBXBuildFile; fileRef = 77C393228A954DE690B08BDE /* ReviewModels.swift */; };
		CCCBAE520CB8795277F18C90 /* PushManager.swift in Sources */ = {isa = PBXBuildFile; fileRef = B7692438CB8859E874A66E3E /* PushManager.swift */; };
		D0D7CC20532AEF10D75C5933 /* K9ContractTests.swift in Sources */ = {isa = PBXBuildFile; fileRef = 25668292605D18FC8FBABE7D /* K9ContractTests.swift */; };
		D10EDFBD9EFD027DEEF58088 /* RootView.swift in Sources */ = {isa = PBXBuildFile; fileRef = AE316F84834D593284EA3A4C /* RootView.swift */; };
		D1F380942F8BC33F027A1E60 /* SharedModels.swift in Sources */ = {isa = PBXBuildFile; fileRef = 147CEB81991D3CEBBD6B53F4 /* SharedModels.swift */; };
		E2DC292F96B25CA6ECFC5D6F /* APIClient.swift in Sources */ = {isa = PBXBuildFile; fileRef = 88CE7120D9B217DAD934B14B /* APIClient.swift */; };
		E97722F5A52DB673EA427EDF /* NecklineApp.swift in Sources */ = {isa = PBXBuildFile; fileRef = ABEBC4EDE068B74257F09B22 /* NecklineApp.swift */; };
		EAC7AD21194069BE763EB703 /* ReviewView.swift in Sources */ = {isa = PBXBuildFile; fileRef = 5DD9017BB093BA4BC511379F /* ReviewView.swift */; };
		EB18B7D4374EA05AD70C0D9C /* AppModel.swift in Sources */ = {isa = PBXBuildFile; fileRef = CE386C48FF2459211CE2D690 /* AppModel.swift */; };
		F09617D9220F5323EFF44273 /* ReportSnapshotStore.swift in Sources */ = {isa = PBXBuildFile; fileRef = 1186E0993CFE62505B9672E1 /* ReportSnapshotStore.swift */; };
		FE0DC5D1335F2F673834AB37 /* AppModelTests.swift in Sources */ = {isa = PBXBuildFile; fileRef = B0C09A262074F0F512BCF821 /* AppModelTests.swift */; };
/* End PBXBuildFile section */

/* Begin PBXContainerItemProxy section */
		237551DF584A0E27E93567C5 /* PBXContainerItemProxy */ = {
			isa = PBXContainerItemProxy;
			containerPortal = CC6383DD0AC70D4515754DC8 /* Project object */;
			proxyType = 1;
			remoteGlobalIDString = 88F958B3F9251F9EAA48FDE2;
			remoteInfo = Neckline;
		};
/* End PBXContainerItemProxy section */

/* Begin PBXFileReference section */
		1186E0993CFE62505B9672E1 /* ReportSnapshotStore.swift */ = {isa = PBXFileReference; lastKnownFileType = sourcecode.swift; path = ReportSnapshotStore.swift; sourceTree = "<group>"; };
		147CEB81991D3CEBBD6B53F4 /* SharedModels.swift */ = {isa = PBXFileReference; lastKnownFileType = sourcecode.swift; path = SharedModels.swift; sourceTree = "<group>"; };
		25668292605D18FC8FBABE7D /* K9ContractTests.swift */ = {isa = PBXFileReference; lastKnownFileType = sourcecode.swift; path = K9ContractTests.swift; sourceTree = "<group>"; };
		30F0D46F0056BE5E01FEB3EC /* Neckline.app */ = {isa = PBXFileReference; includeInIndex = 0; lastKnownFileType = wrapper.application; path = Neckline.app; sourceTree = BUILT_PRODUCTS_DIR; };
		4077CE80BC54331F1A0225D2 /* NecklineTests.xctest */ = {isa = PBXFileReference; includeInIndex = 0; lastKnownFileType = wrapper.cfbundle; path = NecklineTests.xctest; sourceTree = BUILT_PRODUCTS_DIR; };
		53B123024CC94ED7E02FF66F /* DesignTokens.swift */ = {isa = PBXFileReference; lastKnownFileType = sourcecode.swift; path = DesignTokens.swift; sourceTree = "<group>"; };
		58E32D24CA427022EEC9C9A9 /* AppConfig.swift */ = {isa = PBXFileReference; lastKnownFileType = sourcecode.swift; path = AppConfig.swift; sourceTree = "<group>"; };
		58F9AF53A186D89036A34E31 /* CheckListView.swift */ = {isa = PBXFileReference; lastKnownFileType = sourcecode.swift; path = CheckListView.swift; sourceTree = "<group>"; };
		5DD9017BB093BA4BC511379F /* ReviewView.swift */ = {isa = PBXFileReference; lastKnownFileType = sourcecode.swift; path = ReviewView.swift; sourceTree = "<group>"; };
		6995CFD51E96AA2443EC4E3A /* Info.plist */ = {isa = PBXFileReference; lastKnownFileType = text.plist; path = Info.plist; sourceTree = "<group>"; };
		6CE1EC3951D028473BC1268D /* ScoreboardView.swift */ = {isa = PBXFileReference; lastKnownFileType = sourcecode.swift; path = ScoreboardView.swift; sourceTree = "<group>"; };
		6D2ECF5D1ADA2570A80AAF57 /* NKToolbar.swift */ = {isa = PBXFileReference; lastKnownFileType = sourcecode.swift; path = NKToolbar.swift; sourceTree = "<group>"; };
		76E98FE4A6FA5CAC76421950 /* ScoreboardModels.swift */ = {isa = PBXFileReference; lastKnownFileType = sourcecode.swift; path = ScoreboardModels.swift; sourceTree = "<group>"; };
		77C393228A954DE690B08BDE /* ReviewModels.swift */ = {isa = PBXFileReference; lastKnownFileType = sourcecode.swift; path = ReviewModels.swift; sourceTree = "<group>"; };
		7ECA7F173C89B027705A4FC0 /* AppConfigDefaultTests.swift */ = {isa = PBXFileReference; lastKnownFileType = sourcecode.swift; path = AppConfigDefaultTests.swift; sourceTree = "<group>"; };
		88CE7120D9B217DAD934B14B /* APIClient.swift */ = {isa = PBXFileReference; lastKnownFileType = sourcecode.swift; path = APIClient.swift; sourceTree = "<group>"; };
		90635C7E94F95981AF67722E /* SelectionView.swift */ = {isa = PBXFileReference; lastKnownFileType = sourcecode.swift; path = SelectionView.swift; sourceTree = "<group>"; };
		99024115FE5BD928E53F8DFB /* NKDisclosure.swift */ = {isa = PBXFileReference; lastKnownFileType = sourcecode.swift; path = NKDisclosure.swift; sourceTree = "<group>"; };
		9D4D8B9C826C8F3E8D74BF23 /* SettingsView.swift */ = {isa = PBXFileReference; lastKnownFileType = sourcecode.swift; path = SettingsView.swift; sourceTree = "<group>"; };
		A75B75043B9190B8F306FF1D /* Assets.xcassets */ = {isa = PBXFileReference; lastKnownFileType = folder.assetcatalog; path = Assets.xcassets; sourceTree = "<group>"; };
		ABEBC4EDE068B74257F09B22 /* NecklineApp.swift */ = {isa = PBXFileReference; lastKnownFileType = sourcecode.swift; path = NecklineApp.swift; sourceTree = "<group>"; };
		AE316F84834D593284EA3A4C /* RootView.swift */ = {isa = PBXFileReference; lastKnownFileType = sourcecode.swift; path = RootView.swift; sourceTree = "<group>"; };
		B0C09A262074F0F512BCF821 /* AppModelTests.swift */ = {isa = PBXFileReference; lastKnownFileType = sourcecode.swift; path = AppModelTests.swift; sourceTree = "<group>"; };
		B5158C04F3DB4CC2392AAACD /* K9Models.swift */ = {isa = PBXFileReference; lastKnownFileType = sourcecode.swift; path = K9Models.swift; sourceTree = "<group>"; };
		B7692438CB8859E874A66E3E /* PushManager.swift */ = {isa = PBXFileReference; lastKnownFileType = sourcecode.swift; path = PushManager.swift; sourceTree = "<group>"; };
		BC33E699B9891551265741C6 /* Neckline.entitlements */ = {isa = PBXFileReference; lastKnownFileType = text.plist.entitlements; path = Neckline.entitlements; sourceTree = "<group>"; };
		CD6B509415333AD469D9833E /* NKDevCapture.swift */ = {isa = PBXFileReference; lastKnownFileType = sourcecode.swift; path = NKDevCapture.swift; sourceTree = "<group>"; };
		CDEA751ED1AF184F4D884ED5 /* CheckListModels.swift */ = {isa = PBXFileReference; lastKnownFileType = sourcecode.swift; path = CheckListModels.swift; sourceTree = "<group>"; };
		CE386C48FF2459211CE2D690 /* AppModel.swift */ = {isa = PBXFileReference; lastKnownFileType = sourcecode.swift; path = AppModel.swift; sourceTree = "<group>"; };
		D28A14CD5A8666AC00C57702 /* StockDetailView.swift */ = {isa = PBXFileReference; lastKnownFileType = sourcecode.swift; path = StockDetailView.swift; sourceTree = "<group>"; };
		D4DE7B52DFD937FA105D0D80 /* SharedUI.swift */ = {isa = PBXFileReference; lastKnownFileType = sourcecode.swift; path = SharedUI.swift; sourceTree = "<group>"; };
		D992070DC2C2CD6DDF3BD3F9 /* NKFormKit.swift */ = {isa = PBXFileReference; lastKnownFileType = sourcecode.swift; path = NKFormKit.swift; sourceTree = "<group>"; };
		E0AE1E9D0EC8D59A1EF69F45 /* StaticTradingCalendar.swift */ = {isa = PBXFileReference; lastKnownFileType = sourcecode.swift; path = StaticTradingCalendar.swift; sourceTree = "<group>"; };
		E12098656A3D01DB4B4D5843 /* URLGateTests.swift */ = {isa = PBXFileReference; lastKnownFileType = sourcecode.swift; path = URLGateTests.swift; sourceTree = "<group>"; };
		F09D5AFF89E79AD30E6F0B1F /* IntegrationSmokeTests.swift */ = {isa = PBXFileReference; lastKnownFileType = sourcecode.swift; path = IntegrationSmokeTests.swift; sourceTree = "<group>"; };
/* End PBXFileReference section */

/* Begin PBXGroup section */
		202ABB56067EF350BA571BA4 = {
			isa = PBXGroup;
			children = (
				22700A0DE7FDCAAFCCB23546 /* Neckline */,
				D1CBE04025F8AE3FBEB1772D /* NecklineTests */,
				E98B16CC67AAB178AB4F5775 /* Products */,
			);
			sourceTree = "<group>";
		};
		22700A0DE7FDCAAFCCB23546 /* Neckline */ = {
			isa = PBXGroup;
			children = (
				BC33E699B9891551265741C6 /* Neckline.entitlements */,
				69FC5CC9D067FF9C27A294F6 /* App */,
				AB696555DAB426DF7607346A /* Calendar */,
				B1220EBFAFE006A81F668972 /* Components */,
				5F0DED1C3621AABF920C80CA /* Networking */,
				71644CD3324D4D5EF0858ED1 /* Push */,
				4DEF76E1F82D350B3507E2EA /* Resources */,
				C8379EC068BA7176CCB52DBA /* Views */,
			);
			path = Neckline;
			sourceTree = "<group>";
		};
		4DEF76E1F82D350B3507E2EA /* Resources */ = {
			isa = PBXGroup;
			children = (
				A75B75043B9190B8F306FF1D /* Assets.xcassets */,
				6995CFD51E96AA2443EC4E3A /* Info.plist */,
			);
			path = Resources;
			sourceTree = "<group>";
		};
		5F0DED1C3621AABF920C80CA /* Networking */ = {
			isa = PBXGroup;
			children = (
				88CE7120D9B217DAD934B14B /* APIClient.swift */,
				58E32D24CA427022EEC9C9A9 /* AppConfig.swift */,
				6619B41106C0540667DEAA34 /* Models */,
			);
			path = Networking;
			sourceTree = "<group>";
		};
		6619B41106C0540667DEAA34 /* Models */ = {
			isa = PBXGroup;
			children = (
				CDEA751ED1AF184F4D884ED5 /* CheckListModels.swift */,
				B5158C04F3DB4CC2392AAACD /* K9Models.swift */,
				77C393228A954DE690B08BDE /* ReviewModels.swift */,
				76E98FE4A6FA5CAC76421950 /* ScoreboardModels.swift */,
				147CEB81991D3CEBBD6B53F4 /* SharedModels.swift */,
			);
			path = Models;
			sourceTree = "<group>";
		};
		69FC5CC9D067FF9C27A294F6 /* App */ = {
			isa = PBXGroup;
			children = (
				CE386C48FF2459211CE2D690 /* AppModel.swift */,
				ABEBC4EDE068B74257F09B22 /* NecklineApp.swift */,
				1186E0993CFE62505B9672E1 /* ReportSnapshotStore.swift */,
				AE316F84834D593284EA3A4C /* RootView.swift */,
			);
			path = App;
			sourceTree = "<group>";
		};
		71644CD3324D4D5EF0858ED1 /* Push */ = {
			isa = PBXGroup;
			children = (
				B7692438CB8859E874A66E3E /* PushManager.swift */,
			);
			path = Push;
			sourceTree = "<group>";
		};
		AB696555DAB426DF7607346A /* Calendar */ = {
			isa = PBXGroup;
			children = (
				E0AE1E9D0EC8D59A1EF69F45 /* StaticTradingCalendar.swift */,
			);
			path = Calendar;
			sourceTree = "<group>";
		};
		B1220EBFAFE006A81F668972 /* Components */ = {
			isa = PBXGroup;
			children = (
				53B123024CC94ED7E02FF66F /* DesignTokens.swift */,
				CD6B509415333AD469D9833E /* NKDevCapture.swift */,
				99024115FE5BD928E53F8DFB /* NKDisclosure.swift */,
				D992070DC2C2CD6DDF3BD3F9 /* NKFormKit.swift */,
				6D2ECF5D1ADA2570A80AAF57 /* NKToolbar.swift */,
				D4DE7B52DFD937FA105D0D80 /* SharedUI.swift */,
			);
			path = Components;
			sourceTree = "<group>";
		};
		C8379EC068BA7176CCB52DBA /* Views */ = {
			isa = PBXGroup;
			children = (
				58F9AF53A186D89036A34E31 /* CheckListView.swift */,
				5DD9017BB093BA4BC511379F /* ReviewView.swift */,
				6CE1EC3951D028473BC1268D /* ScoreboardView.swift */,
				90635C7E94F95981AF67722E /* SelectionView.swift */,
				9D4D8B9C826C8F3E8D74BF23 /* SettingsView.swift */,
				D28A14CD5A8666AC00C57702 /* StockDetailView.swift */,
			);
			path = Views;
			sourceTree = "<group>";
		};
		D1CBE04025F8AE3FBEB1772D /* NecklineTests */ = {
			isa = PBXGroup;
			children = (
				7ECA7F173C89B027705A4FC0 /* AppConfigDefaultTests.swift */,
				B0C09A262074F0F512BCF821 /* AppModelTests.swift */,
				F09D5AFF89E79AD30E6F0B1F /* IntegrationSmokeTests.swift */,
				25668292605D18FC8FBABE7D /* K9ContractTests.swift */,
				E12098656A3D01DB4B4D5843 /* URLGateTests.swift */,
			);
			path = NecklineTests;
			sourceTree = "<group>";
		};
		E98B16CC67AAB178AB4F5775 /* Products */ = {
			isa = PBXGroup;
			children = (
				30F0D46F0056BE5E01FEB3EC /* Neckline.app */,
				4077CE80BC54331F1A0225D2 /* NecklineTests.xctest */,
			);
			name = Products;
			sourceTree = "<group>";
		};
/* End PBXGroup section */

/* Begin PBXNativeTarget section */
		14D631C14C0D6F1B15180DDD /* NecklineTests */ = {
			isa = PBXNativeTarget;
			buildConfigurationList = FC438A3B119A2EC7057DEB43 /* Build configuration list for PBXNativeTarget "NecklineTests" */;
			buildPhases = (
				FE3623EE2C1FFEA37C504CF5 /* Sources */,
			);
			buildRules = (
			);
			dependencies = (
				2AA08DC709DE2200B272BBD7 /* PBXTargetDependency */,
			);
			name = NecklineTests;
			packageProductDependencies = (
			);
			productName = NecklineTests;
			productReference = 4077CE80BC54331F1A0225D2 /* NecklineTests.xctest */;
			productType = "com.apple.product-type.bundle.unit-test";
		};
		88F958B3F9251F9EAA48FDE2 /* Neckline */ = {
			isa = PBXNativeTarget;
			buildConfigurationList = 58A358790EA2BF60ECA4B230 /* Build configuration list for PBXNativeTarget "Neckline" */;
			buildPhases = (
				C4099FAEA8889837868BC6DE /* Sources */,
				13C8C83EB900F7AAA9D08F43 /* Resources */,
			);
			buildRules = (
			);
			dependencies = (
			);
			name = Neckline;
			packageProductDependencies = (
			);
			productName = Neckline;
			productReference = 30F0D46F0056BE5E01FEB3EC /* Neckline.app */;
			productType = "com.apple.product-type.application";
		};
/* End PBXNativeTarget section */

/* Begin PBXProject section */
		CC6383DD0AC70D4515754DC8 /* Project object */ = {
			isa = PBXProject;
			attributes = {
				BuildIndependentTargetsInParallel = YES;
				LastUpgradeCheck = 1430;
				TargetAttributes = {
					14D631C14C0D6F1B15180DDD = {
						DevelopmentTeam = HX73DFL88G;
						ProvisioningStyle = Automatic;
					};
					88F958B3F9251F9EAA48FDE2 = {
						DevelopmentTeam = HX73DFL88G;
						ProvisioningStyle = Automatic;
						SystemCapabilities = "[\"com.apple.Push\": [\"enabled\": 1]]";
					};
				};
			};
			buildConfigurationList = 013466C7A20AD94E0F96F316 /* Build configuration list for PBXProject "Neckline" */;
			developmentRegion = en;
			hasScannedForEncodings = 0;
			knownRegions = (
				Base,
				en,
			);
			mainGroup = 202ABB56067EF350BA571BA4;
			minimizedProjectReferenceProxies = 1;
			preferredProjectObjectVersion = 77;
			productRefGroup = E98B16CC67AAB178AB4F5775 /* Products */;
			projectDirPath = "";
			projectRoot = "";
			targets = (
				88F958B3F9251F9EAA48FDE2 /* Neckline */,
				14D631C14C0D6F1B15180DDD /* NecklineTests */,
			);
		};
/* End PBXProject section */

/* Begin PBXResourcesBuildPhase section */
		13C8C83EB900F7AAA9D08F43 /* Resources */ = {
			isa = PBXResourcesBuildPhase;
			buildActionMask = 2147483647;
			files = (
				AB52CA616EFD21F6EA0C4967 /* Assets.xcassets in Resources */,
			);
			runOnlyForDeploymentPostprocessing = 0;
		};
/* End PBXResourcesBuildPhase section */

/* Begin PBXSourcesBuildPhase section */
		C4099FAEA8889837868BC6DE /* Sources */ = {
			isa = PBXSourcesBuildPhase;
			buildActionMask = 2147483647;
			files = (
				E2DC292F96B25CA6ECFC5D6F /* APIClient.swift in Sources */,
				2D7C50E9D88B18651A9771EF /* AppConfig.swift in Sources */,
				EB18B7D4374EA05AD70C0D9C /* AppModel.swift in Sources */,
				217392F2919A54C3189E24A1 /* CheckListModels.swift in Sources */,
				A0CF80191539A5AA0C8442B5 /* CheckListView.swift in Sources */,
				A95E60B60DE6A07CDB6DD7DA /* DesignTokens.swift in Sources */,
				0FEDD46416E530532CC0A486 /* K9Models.swift in Sources */,
				6201E32C0723A5F0AA2D3BFE /* NKDevCapture.swift in Sources */,
				435E5084B57C5886250DA5E7 /* NKDisclosure.swift in Sources */,
				83EB77417C2A9B3AE3266127 /* NKFormKit.swift in Sources */,
				499CB305261279D9053C4B94 /* NKToolbar.swift in Sources */,
				E97722F5A52DB673EA427EDF /* NecklineApp.swift in Sources */,
				CCCBAE520CB8795277F18C90 /* PushManager.swift in Sources */,
				F09617D9220F5323EFF44273 /* ReportSnapshotStore.swift in Sources */,
				CBBD1F2E43E0044CDD17CDE0 /* ReviewModels.swift in Sources */,
				EAC7AD21194069BE763EB703 /* ReviewView.swift in Sources */,
				D10EDFBD9EFD027DEEF58088 /* RootView.swift in Sources */,
				C5A9C754B9F5973F92FFA827 /* ScoreboardModels.swift in Sources */,
				50990E54BF37435A400AC290 /* ScoreboardView.swift in Sources */,
				8F638A2C17E4238B3329ED3E /* SelectionView.swift in Sources */,
				7FC2D9D596F2FCACD7B2FA05 /* SettingsView.swift in Sources */,
				D1F380942F8BC33F027A1E60 /* SharedModels.swift in Sources */,
				1C5F90D27ABFCDAFC61C22A4 /* SharedUI.swift in Sources */,
				A1A4C298677F524146F0AF02 /* StaticTradingCalendar.swift in Sources */,
				44C3259515A35ED6E68189AA /* StockDetailView.swift in Sources */,
			);
			runOnlyForDeploymentPostprocessing = 0;
		};
		FE3623EE2C1FFEA37C504CF5 /* Sources */ = {
			isa = PBXSourcesBuildPhase;
			buildActionMask = 2147483647;
			files = (
				73C14261E278D3CA8D6AFB8E /* AppConfigDefaultTests.swift in Sources */,
				FE0DC5D1335F2F673834AB37 /* AppModelTests.swift in Sources */,
				707C60E3C786D27F3983B924 /* IntegrationSmokeTests.swift in Sources */,
				D0D7CC20532AEF10D75C5933 /* K9ContractTests.swift in Sources */,
				2B666B4E6B33EB2413EFD8C1 /* URLGateTests.swift in Sources */,
			);
			runOnlyForDeploymentPostprocessing = 0;
		};
/* End PBXSourcesBuildPhase section */

/* Begin PBXTargetDependency section */
		2AA08DC709DE2200B272BBD7 /* PBXTargetDependency */ = {
			isa = PBXTargetDependency;
			target = 88F958B3F9251F9EAA48FDE2 /* Neckline */;
			targetProxy = 237551DF584A0E27E93567C5 /* PBXContainerItemProxy */;
		};
/* End PBXTargetDependency section */

/* Begin XCBuildConfiguration section */
		3F5B4D0D52DB3309E7100884 /* Debug */ = {
			isa = XCBuildConfiguration;
			buildSettings = {
				BUNDLE_LOADER = "$(TEST_HOST)";
				GENERATE_INFOPLIST_FILE = YES;
				LD_RUNPATH_SEARCH_PATHS = (
					"$(inherited)",
					"@executable_path/Frameworks",
					"@loader_path/Frameworks",
				);
				PRODUCT_BUNDLE_IDENTIFIER = top.linotsai.neckline.tests;
				SDKROOT = auto;
				SUPPORTED_PLATFORMS = "iphoneos iphonesimulator macosx";
				SUPPORTS_MACCATALYST = NO;
				SUPPORTS_MAC_DESIGNED_FOR_IPHONE_IPAD = NO;
				SUPPORTS_XR_DESIGNED_FOR_IPHONE_IPAD = YES;
				TARGETED_DEVICE_FAMILY = "1,2";
				TEST_HOST = "$(BUILT_PRODUCTS_DIR)/Neckline.app/Neckline";
				"TEST_HOST[sdk=macosx*]" = "$(BUILT_PRODUCTS_DIR)/Neckline.app/Contents/MacOS/Neckline";
			};
			name = Debug;
		};
		4B5C7C2473C0C820F382939E /* Release */ = {
			isa = XCBuildConfiguration;
			buildSettings = {
				ASSETCATALOG_COMPILER_APPICON_NAME = AppIconV270B19;
				"CODE_SIGN_ENTITLEMENTS[sdk=iphoneos*]" = Neckline/Neckline.entitlements;
				"CODE_SIGN_ENTITLEMENTS[sdk=iphonesimulator*]" = Neckline/Neckline.entitlements;
				CODE_SIGN_IDENTITY = "iPhone Developer";
				ENABLE_PREVIEWS = YES;
				GENERATE_INFOPLIST_FILE = YES;
				INFOPLIST_FILE = Neckline/Resources/Info.plist;
				INFOPLIST_KEY_LSApplicationCategoryType = "public.app-category.finance";
				INFOPLIST_KEY_NSHumanReadableCopyright = "";
				INFOPLIST_KEY_UIApplicationSupportsIndirectInputEvents = YES;
				INFOPLIST_KEY_UILaunchScreen_Generation = YES;
				INFOPLIST_KEY_UISupportedInterfaceOrientations_iPhone = UIInterfaceOrientationPortrait;
				LD_RUNPATH_SEARCH_PATHS = (
					"$(inherited)",
					"@executable_path/Frameworks",
				);
				MARKETING_VERSION = 2.7.0;
				PRODUCT_BUNDLE_IDENTIFIER = top.linotsai.neckline;
				PRODUCT_NAME = Neckline;
				SDKROOT = auto;
				SUPPORTED_PLATFORMS = "iphoneos iphonesimulator macosx";
				SUPPORTS_MACCATALYST = NO;
				SUPPORTS_MAC_DESIGNED_FOR_IPHONE_IPAD = NO;
				SUPPORTS_XR_DESIGNED_FOR_IPHONE_IPAD = YES;
				TARGETED_DEVICE_FAMILY = "1,2";
			};
			name = Release;
		};
		BF0D8807BB9E656D47DB1189 /* Release */ = {
			isa = XCBuildConfiguration;
			buildSettings = {
				BUNDLE_LOADER = "$(TEST_HOST)";
				GENERATE_INFOPLIST_FILE = YES;
				LD_RUNPATH_SEARCH_PATHS = (
					"$(inherited)",
					"@executable_path/Frameworks",
					"@loader_path/Frameworks",
				);
				PRODUCT_BUNDLE_IDENTIFIER = top.linotsai.neckline.tests;
				SDKROOT = auto;
				SUPPORTED_PLATFORMS = "iphoneos iphonesimulator macosx";
				SUPPORTS_MACCATALYST = NO;
				SUPPORTS_MAC_DESIGNED_FOR_IPHONE_IPAD = NO;
				SUPPORTS_XR_DESIGNED_FOR_IPHONE_IPAD = YES;
				TARGETED_DEVICE_FAMILY = "1,2";
				TEST_HOST = "$(BUILT_PRODUCTS_DIR)/Neckline.app/Neckline";
				"TEST_HOST[sdk=macosx*]" = "$(BUILT_PRODUCTS_DIR)/Neckline.app/Contents/MacOS/Neckline";
			};
			name = Release;
		};
		C6A7E4CA708B2136BB41AA08 /* Release */ = {
			isa = XCBuildConfiguration;
			buildSettings = {
				ALWAYS_SEARCH_USER_PATHS = NO;
				CLANG_ANALYZER_NONNULL = YES;
				CLANG_ANALYZER_NUMBER_OBJECT_CONVERSION = YES_AGGRESSIVE;
				CLANG_CXX_LANGUAGE_STANDARD = "gnu++14";
				CLANG_CXX_LIBRARY = "libc++";
				CLANG_ENABLE_MODULES = YES;
				CLANG_ENABLE_OBJC_ARC = YES;
				CLANG_ENABLE_OBJC_WEAK = YES;
				CLANG_WARN_BLOCK_CAPTURE_AUTORELEASING = YES;
				CLANG_WARN_BOOL_CONVERSION = YES;
				CLANG_WARN_COMMA = YES;
				CLANG_WARN_CONSTANT_CONVERSION = YES;
				CLANG_WARN_DEPRECATED_OBJC_IMPLEMENTATIONS = YES;
				CLANG_WARN_DIRECT_OBJC_ISA_USAGE = YES_ERROR;
				CLANG_WARN_DOCUMENTATION_COMMENTS = YES;
				CLANG_WARN_EMPTY_BODY = YES;
				CLANG_WARN_ENUM_CONVERSION = YES;
				CLANG_WARN_INFINITE_RECURSION = YES;
				CLANG_WARN_INT_CONVERSION = YES;
				CLANG_WARN_NON_LITERAL_NULL_CONVERSION = YES;
				CLANG_WARN_OBJC_IMPLICIT_RETAIN_SELF = YES;
				CLANG_WARN_OBJC_LITERAL_CONVERSION = YES;
				CLANG_WARN_OBJC_ROOT_CLASS = YES_ERROR;
				CLANG_WARN_QUOTED_INCLUDE_IN_FRAMEWORK_HEADER = YES;
				CLANG_WARN_RANGE_LOOP_ANALYSIS = YES;
				CLANG_WARN_STRICT_PROTOTYPES = YES;
				CLANG_WARN_SUSPICIOUS_MOVE = YES;
				CLANG_WARN_UNGUARDED_AVAILABILITY = YES_AGGRESSIVE;
				CLANG_WARN_UNREACHABLE_CODE = YES;
				CLANG_WARN__DUPLICATE_METHOD_MATCH = YES;
				CODE_SIGN_STYLE = Automatic;
				COPY_PHASE_STRIP = NO;
				CURRENT_PROJECT_VERSION = 19;
				DEBUG_INFORMATION_FORMAT = "dwarf-with-dsym";
				DEVELOPMENT_TEAM = HX73DFL88G;
				ENABLE_NS_ASSERTIONS = NO;
				ENABLE_STRICT_OBJC_MSGSEND = YES;
				ENABLE_USER_SCRIPT_SANDBOXING = YES;
				GCC_C_LANGUAGE_STANDARD = gnu11;
				GCC_NO_COMMON_BLOCKS = YES;
				GCC_WARN_64_TO_32_BIT_CONVERSION = YES;
				GCC_WARN_ABOUT_RETURN_TYPE = YES_ERROR;
				GCC_WARN_UNDECLARED_SELECTOR = YES;
				GCC_WARN_UNINITIALIZED_AUTOS = YES_AGGRESSIVE;
				GCC_WARN_UNUSED_FUNCTION = YES;
				GCC_WARN_UNUSED_VARIABLE = YES;
				IPHONEOS_DEPLOYMENT_TARGET = 26.0;
				MACOSX_DEPLOYMENT_TARGET = 26.0;
				MARKETING_VERSION = 2.7.0;
				MTL_ENABLE_DEBUG_INFO = NO;
				MTL_FAST_MATH = YES;
				PRODUCT_NAME = "$(TARGET_NAME)";
				SDKROOT = auto;
				SWIFT_COMPILATION_MODE = wholemodule;
				SWIFT_OPTIMIZATION_LEVEL = "-O";
				SWIFT_STRICT_CONCURRENCY = minimal;
				SWIFT_VERSION = 5.0;
			};
			name = Release;
		};
		DEB3AD577310934622B7CC3F /* Debug */ = {
			isa = XCBuildConfiguration;
			buildSettings = {
				ALWAYS_SEARCH_USER_PATHS = NO;
				CLANG_ANALYZER_NONNULL = YES;
				CLANG_ANALYZER_NUMBER_OBJECT_CONVERSION = YES_AGGRESSIVE;
				CLANG_CXX_LANGUAGE_STANDARD = "gnu++14";
				CLANG_CXX_LIBRARY = "libc++";
				CLANG_ENABLE_MODULES = YES;
				CLANG_ENABLE_OBJC_ARC = YES;
				CLANG_ENABLE_OBJC_WEAK = YES;
				CLANG_WARN_BLOCK_CAPTURE_AUTORELEASING = YES;
				CLANG_WARN_BOOL_CONVERSION = YES;
				CLANG_WARN_COMMA = YES;
				CLANG_WARN_CONSTANT_CONVERSION = YES;
				CLANG_WARN_DEPRECATED_OBJC_IMPLEMENTATIONS = YES;
				CLANG_WARN_DIRECT_OBJC_ISA_USAGE = YES_ERROR;
				CLANG_WARN_DOCUMENTATION_COMMENTS = YES;
				CLANG_WARN_EMPTY_BODY = YES;
				CLANG_WARN_ENUM_CONVERSION = YES;
				CLANG_WARN_INFINITE_RECURSION = YES;
				CLANG_WARN_INT_CONVERSION = YES;
				CLANG_WARN_NON_LITERAL_NULL_CONVERSION = YES;
				CLANG_WARN_OBJC_IMPLICIT_RETAIN_SELF = YES;
				CLANG_WARN_OBJC_LITERAL_CONVERSION = YES;
				CLANG_WARN_OBJC_ROOT_CLASS = YES_ERROR;
				CLANG_WARN_QUOTED_INCLUDE_IN_FRAMEWORK_HEADER = YES;
				CLANG_WARN_RANGE_LOOP_ANALYSIS = YES;
				CLANG_WARN_STRICT_PROTOTYPES = YES;
				CLANG_WARN_SUSPICIOUS_MOVE = YES;
				CLANG_WARN_UNGUARDED_AVAILABILITY = YES_AGGRESSIVE;
				CLANG_WARN_UNREACHABLE_CODE = YES;
				CLANG_WARN__DUPLICATE_METHOD_MATCH = YES;
				CODE_SIGN_STYLE = Automatic;
				COPY_PHASE_STRIP = NO;
				CURRENT_PROJECT_VERSION = 19;
				DEBUG_INFORMATION_FORMAT = dwarf;
				DEVELOPMENT_TEAM = HX73DFL88G;
				ENABLE_STRICT_OBJC_MSGSEND = YES;
				ENABLE_TESTABILITY = YES;
				ENABLE_USER_SCRIPT_SANDBOXING = YES;
				GCC_C_LANGUAGE_STANDARD = gnu11;
				GCC_DYNAMIC_NO_PIC = NO;
				GCC_NO_COMMON_BLOCKS = YES;
				GCC_OPTIMIZATION_LEVEL = 0;
				GCC_PREPROCESSOR_DEFINITIONS = (
					"$(inherited)",
					"DEBUG=1",
				);
				GCC_WARN_64_TO_32_BIT_CONVERSION = YES;
				GCC_WARN_ABOUT_RETURN_TYPE = YES_ERROR;
				GCC_WARN_UNDECLARED_SELECTOR = YES;
				GCC_WARN_UNINITIALIZED_AUTOS = YES_AGGRESSIVE;
				GCC_WARN_UNUSED_FUNCTION = YES;
				GCC_WARN_UNUSED_VARIABLE = YES;
				IPHONEOS_DEPLOYMENT_TARGET = 26.0;
				MACOSX_DEPLOYMENT_TARGET = 26.0;
				MARKETING_VERSION = 2.7.0;
				MTL_ENABLE_DEBUG_INFO = INCLUDE_SOURCE;
				MTL_FAST_MATH = YES;
				ONLY_ACTIVE_ARCH = YES;
				PRODUCT_NAME = "$(TARGET_NAME)";
				SDKROOT = auto;
				SWIFT_ACTIVE_COMPILATION_CONDITIONS = DEBUG;
				SWIFT_OPTIMIZATION_LEVEL = "-Onone";
				SWIFT_STRICT_CONCURRENCY = minimal;
				SWIFT_VERSION = 5.0;
			};
			name = Debug;
		};
		EFD0CAE5927C07C49036D242 /* Debug */ = {
			isa = XCBuildConfiguration;
			buildSettings = {
				ASSETCATALOG_COMPILER_APPICON_NAME = AppIconV270B19;
				"CODE_SIGN_ENTITLEMENTS[sdk=iphoneos*]" = Neckline/Neckline.entitlements;
				"CODE_SIGN_ENTITLEMENTS[sdk=iphonesimulator*]" = Neckline/Neckline.entitlements;
				CODE_SIGN_IDENTITY = "iPhone Developer";
				ENABLE_PREVIEWS = YES;
				GENERATE_INFOPLIST_FILE = YES;
				INFOPLIST_FILE = Neckline/Resources/Info.plist;
				INFOPLIST_KEY_LSApplicationCategoryType = "public.app-category.finance";
				INFOPLIST_KEY_NSHumanReadableCopyright = "";
				INFOPLIST_KEY_UIApplicationSupportsIndirectInputEvents = YES;
				INFOPLIST_KEY_UILaunchScreen_Generation = YES;
				INFOPLIST_KEY_UISupportedInterfaceOrientations_iPhone = UIInterfaceOrientationPortrait;
				LD_RUNPATH_SEARCH_PATHS = (
					"$(inherited)",
					"@executable_path/Frameworks",
				);
				MARKETING_VERSION = 2.7.0;
				PRODUCT_BUNDLE_IDENTIFIER = top.linotsai.neckline;
				PRODUCT_NAME = Neckline;
				SDKROOT = auto;
				SUPPORTED_PLATFORMS = "iphoneos iphonesimulator macosx";
				SUPPORTS_MACCATALYST = NO;
				SUPPORTS_MAC_DESIGNED_FOR_IPHONE_IPAD = NO;
				SUPPORTS_XR_DESIGNED_FOR_IPHONE_IPAD = YES;
				TARGETED_DEVICE_FAMILY = "1,2";
			};
			name = Debug;
		};
/* End XCBuildConfiguration section */

/* Begin XCConfigurationList section */
		013466C7A20AD94E0F96F316 /* Build configuration list for PBXProject "Neckline" */ = {
			isa = XCConfigurationList;
			buildConfigurations = (
				DEB3AD577310934622B7CC3F /* Debug */,
				C6A7E4CA708B2136BB41AA08 /* Release */,
			);
			defaultConfigurationIsVisible = 0;
			defaultConfigurationName = Debug;
		};
		58A358790EA2BF60ECA4B230 /* Build configuration list for PBXNativeTarget "Neckline" */ = {
			isa = XCConfigurationList;
			buildConfigurations = (
				EFD0CAE5927C07C49036D242 /* Debug */,
				4B5C7C2473C0C820F382939E /* Release */,
			);
			defaultConfigurationIsVisible = 0;
			defaultConfigurationName = Debug;
		};
		FC438A3B119A2EC7057DEB43 /* Build configuration list for PBXNativeTarget "NecklineTests" */ = {
			isa = XCConfigurationList;
			buildConfigurations = (
				3F5B4D0D52DB3309E7100884 /* Debug */,
				BF0D8807BB9E656D47DB1189 /* Release */,
			);
			defaultConfigurationIsVisible = 0;
			defaultConfigurationName = Debug;
		};
/* End XCConfigurationList section */
	};
	rootObject = CC6383DD0AC70D4515754DC8 /* Project object */;
}
